
Microsoft Visual Studio Solution File, Format Version 12.00
# Visual Studio Version 17
VisualStudioVersion = 17.5.002.0
MinimumVisualStudioVersion = 10.0.40219.1
Project("{9A19103F-16F7-4668-BE54-9A1E7A4F7556}") = "Test", "Test.csproj", "{FFC37F9F-F5F4-4A40-B262-464D3EB1FD31}"
EndProject
Global
	GlobalSection(SolutionConfigurationPlatforms) = preSolution
		Debug|Any CPU = Debug|Any CPU
		Release|Any CPU = Release|Any CPU
	EndGlobalSection
	GlobalSection(ProjectConfigurationPlatforms) = postSolution
		{FFC37F9F-F5F4-4A40-B262-464D3EB1FD31}.Debug|Any CPU.ActiveCfg = Debug|Any CPU
		{FFC37F9F-F5F4-4A40-B262-464D3EB1FD31}.Debug|Any CPU.Build.0 = Debug|Any CPU
		{FFC37F9F-F5F4-4A40-B262-464D3EB1FD31}.Release|Any CPU.ActiveCfg = Release|Any CPU
		{FFC37F9F-F5F4-4A40-B262-464D3EB1FD31}.Release|Any CPU.Build.0 = Release|Any CPU
	EndGlobalSection
	GlobalSection(SolutionProperties) = preSolution
		HideSolutionNode = FALSE
	EndGlobalSection
	GlobalSection(ExtensibilityGlobals) = postSolution
		SolutionGuid = {88EBF7AF-A21C-4B26-825C-AFA8EFFA4D9D}
	EndGlobalSection
EndGlobal
